<?xml version="1.0" encoding="utf-8"?>
<Project ToolsVersion="4.0" xmlns="http://schemas.microsoft.com/developer/msbuild/2003">
  <ItemGroup>
    <Filter Include="Resource Files">
      <UniqueIdentifier>{67DA6AB6-F800-4c08-8B7A-83BB121AAD01}</UniqueIdentifier>
      <Extensions>rc;ico;cur;bmp;dlg;rc2;rct;bin;rgs;gif;jpg;jpeg;jpe;resx;tiff;tif;png;wav;mfcribbon-ms</Extensions>
    </Filter>
    <Filter Include="Graphics">
      <UniqueIdentifier>{afb2ff7f-1243-4d18-aa32-e28f4293955a}</UniqueIdentifier>
    </Filter>
    <Filter Include="Utility">
      <UniqueIdentifier>{2f7a967a-acc5-4774-afc7-ac15855ff7d7}</UniqueIdentifier>
    </Filter>
    <Filter Include="ImGUI">
      <UniqueIdentifier>{d7afd000-51bc-4500-baa0-5c8affd56f0c}</UniqueIdentifier>
    </Filter>
    <Filter Include="Techniques">
      <UniqueIdentifier>{b529a109-5e07-4f6a-ac39-c3c8c57f8c96}</UniqueIdentifier>
    </Filter>
  </ItemGroup>
  <ItemGroup>
    <ClCompile Include="src\graphics\Application.cpp">
      <Filter>Graphics</Filter>
    </ClCompile>
    <ClCompile Include="src\main.cpp" />
    <ClCompile Include="externals\imgui\imgui.cpp">
      <Filter>ImGUI</Filter>
    </ClCompile>
    <ClCompile Include="externals\imgui\imgui_draw.cpp">
      <Filter>ImGUI</Filter>
    </ClCompile>
    <ClCompile Include="externals\imgui\imgui-SFML.cpp">
      <Filter>ImGUI</Filter>
    </ClCompile>
    <ClCompile Include="src\graphics\Waypoint.cpp">
      <Filter>Techniques</Filter>
    </ClCompile>
  </ItemGroup>
  <ItemGroup>
    <ClInclude Include="src\graphics\Application.hpp">
      <Filter>Graphics</Filter>
    </ClInclude>
    <ClInclude Include="src\utils\ResourceHolder.hpp">
      <Filter>Utility</Filter>
    </ClInclude>
    <ClInclude Include="src\utils\ResourceIdentifiers.hpp">
      <Filter>Utility</Filter>
    </ClInclude>
    <ClInclude Include="src\utils\Utility.hpp">
      <Filter>Utility</Filter>
    </ClInclude>
    <ClInclude Include="src\graphics\Waypoint.hpp">
      <Filter>Techniques</Filter>
    </ClInclude>
  </ItemGroup>
</Project>